{
  "name": "upwork-clone",
  "version": "1.0.0",
  "lockfileVersion": 2,
  "requires": true,
  "packages": {
    "": {
      "name": "upwork-clone",
      "version": "1.0.0",
      "license": "ISC",
      "dependencies": {
        "flvplayer": "^1.1.8"
      }
    },
    "node_modules/dida.js": {
      "version": "1.0.1",
      "resolved": "https://registry.npmjs.org/dida.js/-/dida.js-1.0.1.tgz",
      "integrity": "sha512-v1YxL8MQSmpd2YGjCYup72S74u55lY6Y/fmLZ96N+bhuQE4cbc9Vk7qdVXoBdoKhq1Cq4JzBgb1iwjPubw/YlA==",
      "dependencies": {
        "option-validator": "^2.0.5"
      }
    },
    "node_modules/flvplayer": {
      "version": "1.1.8",
      "resolved": "https://registry.npmjs.org/flvplayer/-/flvplayer-1.1.8.tgz",
      "integrity": "sha512-BSY+XASnUN6tD4Be/vCR3FtetG18PWOhicaU6Okq+6JL7UVZedW4+ieJeA+2SelLwnbGXcCL20M7T6cNEQefkA==",
      "dependencies": {
        "dida.js": "^1.0.1",
        "option-validator": "^2.0.5",
        "screenfull": "^5.0.2",
        "yuv-buffer": "^1.0.0",
        "yuv-canvas": "^1.2.6"
      }
    },
    "node_modules/kind-of": {
      "version": "6.0.3",
      "resolved": "https://registry.npmjs.org/kind-of/-/kind-of-6.0.3.tgz",
      "integrity": "sha512-dcS1ul+9tmeD95T+x28/ehLgd9mENa3LsvDTtzm3vyBEO7RPptvAD+t44WVXaUjTBRcrpFeFlC8WCruUR456hw==",
      "engines": {
        "node": ">=0.10.0"
      }
    },
    "node_modules/option-validator": {
      "version": "2.0.6",
      "resolved": "https://registry.npmjs.org/option-validator/-/option-validator-2.0.6.tgz",
      "integrity": "sha512-tmZDan2LRIRQyhUGvkff68/O0R8UmF+Btmiiz0SmSw2ng3CfPZB9wJlIjHpe/MKUZqyIZkVIXCrwr1tIN+0Dzg==",
      "dependencies": {
        "kind-of": "^6.0.3"
      }
    },
    "node_modules/screenfull": {
      "version": "5.2.0",
      "resolved": "https://registry.npmjs.org/screenfull/-/screenfull-5.2.0.tgz",
      "integrity": "sha512-9BakfsO2aUQN2K9Fdbj87RJIEZ82Q9IGim7FqM5OsebfoFC6ZHXgDq/KvniuLTPdeM8wY2o6Dj3WQ7KeQCj3cA==",
      "engines": {
        "node": ">=0.10.0"
      },
      "funding": {
        "url": "https://github.com/sponsors/sindresorhus"
      }
    },
    "node_modules/yuv-buffer": {
      "version": "1.0.0",
      "resolved": "https://registry.npmjs.org/yuv-buffer/-/yuv-buffer-1.0.0.tgz",
      "integrity": "sha1-CaRUhY103yvDHNWI7dcP/Lhr/Jo="
    },
    "node_modules/yuv-canvas": {
      "version": "1.2.9",
      "resolved": "https://registry.npmjs.org/yuv-canvas/-/yuv-canvas-1.2.9.tgz",
      "integrity": "sha512-P3IKIlzKaau9xFs3Y9+uvL7ScvJRz9dhAs9VdWcxhfJwfiEZwdzcgFaBPw8BZQ17KGq4DFjegFLBIt0iT8dtkg=="
    }
  },
  "dependencies": {
    "dida.js": {
      "version": "1.0.1",
      "resolved": "https://registry.npmjs.org/dida.js/-/dida.js-1.0.1.tgz",
      "integrity": "sha512-v1YxL8MQSmpd2YGjCYup72S74u55lY6Y/fmLZ96N+bhuQE4cbc9Vk7qdVXoBdoKhq1Cq4JzBgb1iwjPubw/YlA==",
      "requires": {
        "option-validator": "^2.0.5"
      }
    },
    "flvplayer": {
      "version": "1.1.8",
      "resolved": "https://registry.npmjs.org/flvplayer/-/flvplayer-1.1.8.tgz",
      "integrity": "sha512-BSY+XASnUN6tD4Be/vCR3FtetG18PWOhicaU6Okq+6JL7UVZedW4+ieJeA+2SelLwnbGXcCL20M7T6cNEQefkA==",
      "requires": {
        "dida.js": "^1.0.1",
        "option-validator": "^2.0.5",
        "screenfull": "^5.0.2",
        "yuv-buffer": "^1.0.0",
        "yuv-canvas": "^1.2.6"
      }
    },
    "kind-of": {
      "version": "6.0.3",
      "resolved": "https://registry.npmjs.org/kind-of/-/kind-of-6.0.3.tgz",
      "integrity": "sha512-dcS1ul+9tmeD95T+x28/ehLgd9mENa3LsvDTtzm3vyBEO7RPptvAD+t44WVXaUjTBRcrpFeFlC8WCruUR456hw=="
    },
    "option-validator": {
      "version": "2.0.6",
      "resolved": "https://registry.npmjs.org/option-validator/-/option-validator-2.0.6.tgz",
      "integrity": "sha512-tmZDan2LRIRQyhUGvkff68/O0R8UmF+Btmiiz0SmSw2ng3CfPZB9wJlIjHpe/MKUZqyIZkVIXCrwr1tIN+0Dzg==",
      "requires": {
        "kind-of": "^6.0.3"
      }
    },
    "screenfull": {
      "version": "5.2.0",
      "resolved": "https://registry.npmjs.org/screenfull/-/screenfull-5.2.0.tgz",
      "integrity": "sha512-9BakfsO2aUQN2K9Fdbj87RJIEZ82Q9IGim7FqM5OsebfoFC6ZHXgDq/KvniuLTPdeM8wY2o6Dj3WQ7KeQCj3cA=="
    },
    "yuv-buffer": {
      "version": "1.0.0",
      "resolved": "https://registry.npmjs.org/yuv-buffer/-/yuv-buffer-1.0.0.tgz",
      "integrity": "sha1-CaRUhY103yvDHNWI7dcP/Lhr/Jo="
    },
    "yuv-canvas": {
      "version": "1.2.9",
      "resolved": "https://registry.npmjs.org/yuv-canvas/-/yuv-canvas-1.2.9.tgz",
      "integrity": "sha512-P3IKIlzKaau9xFs3Y9+uvL7ScvJRz9dhAs9VdWcxhfJwfiEZwdzcgFaBPw8BZQ17KGq4DFjegFLBIt0iT8dtkg=="
    }
  }
}
